{
  "object": {
    "pins": [
      {
        "package": "BinaryCodable",
        "repositoryURL": "https://github.com/jverkoey/BinaryCodable",
        "state": {
          "branch": null,
          "revision": "2d4834e4972c46bdb3ec59d025ba29b7e9b7522b",
          "version": null
        }
      }
    ]
  },
  "version": 1
}
