{
  "object": {
    "pins": [
      {
        "package": "BinaryCodable",
        "repositoryURL": "https://github.com/jverkoey/BinaryCodable",
        "state": {
          "branch": null,
          "revision": "76b509f5802f3b215f9611e598193c929a28ed76",
          "version": "0.2.0"
        }
      }
    ]
  },
  "version": 1
}
